
Microsoft Visual Studio Solution File, Format Version 12.00
# Visual Studio Express 2013 for Windows Desktop
VisualStudioVersion = 12.0.30723.0
MinimumVisualStudioVersion = 10.0.40219.1
Project("{FAE04EC0-301F-11D3-BF4B-00C04F79EFBC}") = "UnluacNET.Core", "src\UnluacNET.Core\UnluacNET.Core.csproj", "{4E53C915-B87E-4A56-989A-89B5683309B1}"
EndProject
Project("{FAE04EC0-301F-11D3-BF4B-00C04F79EFBC}") = "UnluacNET.CLI", "src\UnluacNET.CLI\UnluacNET.CLI.csproj", "{1FFED4A7-DF71-4807-88D8-4DFD0543A1F9}"
EndProject
Global
	GlobalSection(SolutionConfigurationPlatforms) = preSolution
		Debug|Any CPU = Debug|Any CPU
		Release|Any CPU = Release|Any CPU
	EndGlobalSection
	GlobalSection(ProjectConfigurationPlatforms) = postSolution
		{4E53C915-B87E-4A56-989A-89B5683309B1}.Debug|Any CPU.ActiveCfg = Debug|Any CPU
		{4E53C915-B87E-4A56-989A-89B5683309B1}.Debug|Any CPU.Build.0 = Debug|Any CPU
		{4E53C915-B87E-4A56-989A-89B5683309B1}.Release|Any CPU.ActiveCfg = Release|Any CPU
		{4E53C915-B87E-4A56-989A-89B5683309B1}.Release|Any CPU.Build.0 = Release|Any CPU
		{1FFED4A7-DF71-4807-88D8-4DFD0543A1F9}.Debug|Any CPU.ActiveCfg = Debug|Any CPU
		{1FFED4A7-DF71-4807-88D8-4DFD0543A1F9}.Debug|Any CPU.Build.0 = Debug|Any CPU
		{1FFED4A7-DF71-4807-88D8-4DFD0543A1F9}.Release|Any CPU.ActiveCfg = Release|Any CPU
		{1FFED4A7-DF71-4807-88D8-4DFD0543A1F9}.Release|Any CPU.Build.0 = Release|Any CPU
	EndGlobalSection
	GlobalSection(SolutionProperties) = preSolution
		HideSolutionNode = FALSE
	EndGlobalSection
EndGlobal
